
Microsoft Visual Studio Solution File, Format Version 12.00
Project("{FAE04EC0-301F-11D3-BF4B-00C04F79EFBC}") = "AetherPersonalLauncher", "AetherPersonalLauncher\AetherPersonalLauncher.csproj", "{D4085D4B-671C-48FF-9D0D-4439AF1471F8}"
EndProject
Global
	GlobalSection(SolutionConfigurationPlatforms) = preSolution
		Debug|Any CPU = Debug|Any CPU
		Release|Any CPU = Release|Any CPU
	EndGlobalSection
	GlobalSection(ProjectConfigurationPlatforms) = postSolution
		{D4085D4B-671C-48FF-9D0D-4439AF1471F8}.Debug|Any CPU.ActiveCfg = Debug|Any CPU
		{D4085D4B-671C-48FF-9D0D-4439AF1471F8}.Debug|Any CPU.Build.0 = Debug|Any CPU
		{D4085D4B-671C-48FF-9D0D-4439AF1471F8}.Release|Any CPU.ActiveCfg = Release|Any CPU
		{D4085D4B-671C-48FF-9D0D-4439AF1471F8}.Release|Any CPU.Build.0 = Release|Any CPU
	EndGlobalSection
EndGlobal
